
Microsoft Visual Studio Solution File, Format Version 12.00
# Visual Studio 15
VisualStudioVersion = 15.0.26730.10
MinimumVisualStudioVersion = 10.0.40219.1
Project("{9A19103F-16F7-4668-BE54-9A1E7A4F7556}") = "CheetahTesting", "CheetahTesting\CheetahTesting.csproj", "{4004C43A-5CDC-4F6C-B760-76B7BFBC5F2D}"
EndProject
Project("{9A19103F-16F7-4668-BE54-9A1E7A4F7556}") = "CheetahTesting.Tests", "CheetahTesting.Tests\CheetahTesting.Tests.csproj", "{E2298589-A7C1-49C6-B339-B8ABC4A65875}"
EndProject
Global
	GlobalSection(SolutionConfigurationPlatforms) = preSolution
		Debug|Any CPU = Debug|Any CPU
		Release|Any CPU = Release|Any CPU
	EndGlobalSection
	GlobalSection(ProjectConfigurationPlatforms) = postSolution
		{4004C43A-5CDC-4F6C-B760-76B7BFBC5F2D}.Debug|Any CPU.ActiveCfg = Debug|Any CPU
		{4004C43A-5CDC-4F6C-B760-76B7BFBC5F2D}.Debug|Any CPU.Build.0 = Debug|Any CPU
		{4004C43A-5CDC-4F6C-B760-76B7BFBC5F2D}.Release|Any CPU.ActiveCfg = Release|Any CPU
		{4004C43A-5CDC-4F6C-B760-76B7BFBC5F2D}.Release|Any CPU.Build.0 = Release|Any CPU
		{E2298589-A7C1-49C6-B339-B8ABC4A65875}.Debug|Any CPU.ActiveCfg = Debug|Any CPU
		{E2298589-A7C1-49C6-B339-B8ABC4A65875}.Debug|Any CPU.Build.0 = Debug|Any CPU
		{E2298589-A7C1-49C6-B339-B8ABC4A65875}.Release|Any CPU.ActiveCfg = Release|Any CPU
		{E2298589-A7C1-49C6-B339-B8ABC4A65875}.Release|Any CPU.Build.0 = Release|Any CPU
	EndGlobalSection
	GlobalSection(SolutionProperties) = preSolution
		HideSolutionNode = FALSE
	EndGlobalSection
	GlobalSection(ExtensibilityGlobals) = postSolution
		SolutionGuid = {4F6F3230-0B86-44B3-8B99-001D9711DE9E}
	EndGlobalSection
EndGlobal
